{
  "meteor": {},
  "dependencies": {
    "basePackages": {
      "npm": {},
      "router": {},
      "bootstrap-3": {},
      "mini-pages": {},
      "iron-router": {},
      "winston": {},
      "winston-loggly": {},
      "reststop": {},
      "semantic-ui": {},
      "scss": {},
      "bootstrap3-less": {}
    },
    "packages": {
      "npm": {
        "git": "https://github.com/arunoda/meteor-npm.git",
        "tag": "v0.2.2",
        "commit": "ad83acff83385d5ea05997c8bbc2d7493ba4c04e"
      },
      "router": {
        "git": "https://github.com/tmeasday/meteor-router.git",
        "tag": "v0.5.4.1",
        "commit": "d00e380dda2184b70e909fc4a0fb5358d602c586"
      },
      "bootstrap-3": {
        "git": "https://github.com/mangasocial/meteor-bootstrap-3.git",
        "tag": "v0.3.5",
        "commit": "47996f67f3987c9f82117394effcbe1586a4fe29"
      },
      "mini-pages": {
        "git": "https://github.com/cmather/meteor-mini-pages.git",
        "tag": "v0.3.2",
        "commit": "4d885ffb6d0108ee2e47a13a6296c98a2f7b5059"
      },
      "iron-router": {
        "git": "https://github.com/EventedMind/iron-router.git",
        "tag": "v0.6.1",
        "commit": "4e1ee0581d68bff422a915dacb0bd30eae10fe08"
      },
      "winston": {
        "git": "https://github.com/tomrogers3/meteor-winston.git",
        "tag": "v0.0.3",
        "commit": "60dc02303ca003ef05254f94fbb9bfd40915d5d3"
      },
      "winston-loggly": {
        "git": "https://github.com/tomrogers3/meteor-winston-loggly.git",
        "tag": "v0.0.3",
        "commit": "87ac23ce1134d778d53a3b99350921f9eb15358c"
      },
      "reststop": {
        "git": "https://github.com/gkoberger/meteor-reststop.git",
        "tag": "v0.4.0",
        "commit": "653e6d5354ed1b37095b19ef67021c01ce59827e"
      },
      "semantic-ui": {
        "git": "https://github.com/nooitaf/meteor-semantic-ui.git",
        "tag": "v0.0.4",
        "commit": "99ae02b1874b520435977e6bc84f140b88f75fc9"
      },
      "scss": {
        "git": "https://github.com/fourseven/meteor-scss.git",
        "tag": "v0.6.4.1",
        "commit": "bf203edb83565943cc0c00a31d536de7094f312b"
      },
      "bootstrap3-less": {
        "git": "https://github.com/eprochasson/bootstrap3-less",
        "tag": "v0.1.4",
        "commit": "23ec918f8377b15b22cba33e13b717214235c88a"
      },
      "page-js-ie-support": {
        "git": "https://github.com/tmeasday/meteor-page-js-ie-support.git",
        "tag": "v1.3.5",
        "commit": "b99ed8380aefd10b2afc8f18d9eed4dd0d8ea9cb"
      },
      "HTML5-History-API": {
        "git": "https://github.com/tmeasday/meteor-HTML5-History-API.git",
        "tag": "v4.0.0",
        "commit": "dc4965f1424cfca625ec3fbea17eace03f8e32c5"
      }
    }
  }
}
